
Microsoft Visual Studio Solution File, Format Version 12.00
# Visual Studio 14
VisualStudioVersion = 14.0.25420.1
MinimumVisualStudioVersion = 10.0.40219.1
Project("{FAE04EC0-301F-11D3-BF4B-00C04F79EFBC}") = "ClassManager", "ClassesManager\ClassManager.csproj", "{8CE71B27-C218-49CF-94C8-2D5A1DE48436}"
	ProjectSection(ProjectDependencies) = postProject
		{B052A60B-D72F-4703-A4E7-DC11234C72FE} = {B052A60B-D72F-4703-A4E7-DC11234C72FE}
		{55DDE170-F7E0-46FB-B735-1364A81A831A} = {55DDE170-F7E0-46FB-B735-1364A81A831A}
		{CB636376-A373-4570-B4D6-54438CC5F589} = {CB636376-A373-4570-B4D6-54438CC5F589}
		{0B8FD38D-56FC-452B-906B-64C88672DD4F} = {0B8FD38D-56FC-452B-906B-64C88672DD4F}
		{69EC91F1-F0FD-43A0-A8F3-7FD251D1FBDC} = {69EC91F1-F0FD-43A0-A8F3-7FD251D1FBDC}
	EndProjectSection
EndProject
Project("{FAE04EC0-301F-11D3-BF4B-00C04F79EFBC}") = "BioMonitor", "BioMonitor\BioMonitor.csproj", "{0B8FD38D-56FC-452B-906B-64C88672DD4F}"
	ProjectSection(ProjectDependencies) = postProject
		{B052A60B-D72F-4703-A4E7-DC11234C72FE} = {B052A60B-D72F-4703-A4E7-DC11234C72FE}
		{55DDE170-F7E0-46FB-B735-1364A81A831A} = {55DDE170-F7E0-46FB-B735-1364A81A831A}
		{CB636376-A373-4570-B4D6-54438CC5F589} = {CB636376-A373-4570-B4D6-54438CC5F589}
		{69EC91F1-F0FD-43A0-A8F3-7FD251D1FBDC} = {69EC91F1-F0FD-43A0-A8F3-7FD251D1FBDC}
	EndProjectSection
EndProject
Project("{FAE04EC0-301F-11D3-BF4B-00C04F79EFBC}") = "BLL", "BLL\BLL.csproj", "{55DDE170-F7E0-46FB-B735-1364A81A831A}"
	ProjectSection(ProjectDependencies) = postProject
		{69EC91F1-F0FD-43A0-A8F3-7FD251D1FBDC} = {69EC91F1-F0FD-43A0-A8F3-7FD251D1FBDC}
	EndProjectSection
EndProject
Project("{FAE04EC0-301F-11D3-BF4B-00C04F79EFBC}") = "Info", "Info\Info.csproj", "{CB636376-A373-4570-B4D6-54438CC5F589}"
	ProjectSection(ProjectDependencies) = postProject
		{B052A60B-D72F-4703-A4E7-DC11234C72FE} = {B052A60B-D72F-4703-A4E7-DC11234C72FE}
	EndProjectSection
EndProject
Project("{FAE04EC0-301F-11D3-BF4B-00C04F79EFBC}") = "DAL", "DAL\DAL.csproj", "{69EC91F1-F0FD-43A0-A8F3-7FD251D1FBDC}"
	ProjectSection(ProjectDependencies) = postProject
		{B052A60B-D72F-4703-A4E7-DC11234C72FE} = {B052A60B-D72F-4703-A4E7-DC11234C72FE}
		{CB636376-A373-4570-B4D6-54438CC5F589} = {CB636376-A373-4570-B4D6-54438CC5F589}
	EndProjectSection
EndProject
Project("{FAE04EC0-301F-11D3-BF4B-00C04F79EFBC}") = "Common", "Common\Common.csproj", "{B052A60B-D72F-4703-A4E7-DC11234C72FE}"
EndProject
Project("{FAE04EC0-301F-11D3-BF4B-00C04F79EFBC}") = "CMService", "CMService\CMService.csproj", "{32052151-E9FB-436F-9B5E-C689B91DE87C}"
EndProject
Project("{54435603-DBB4-11D2-8724-00A0C9A8B90C}") = "ClassWise", "ClassWise\ClassWise.vdproj", "{3B780250-6F5B-4BCA-9DD0-B4C75B38B174}"
EndProject
Global
	GlobalSection(SolutionConfigurationPlatforms) = preSolution
		Debug|Any CPU = Debug|Any CPU
		Debug|Mixed Platforms = Debug|Mixed Platforms
		Debug|x64 = Debug|x64
		Debug|x86 = Debug|x86
		h|Any CPU = h|Any CPU
		h|Mixed Platforms = h|Mixed Platforms
		h|x64 = h|x64
		h|x86 = h|x86
		Release|Any CPU = Release|Any CPU
		Release|Mixed Platforms = Release|Mixed Platforms
		Release|x64 = Release|x64
		Release|x86 = Release|x86
	EndGlobalSection
	GlobalSection(ProjectConfigurationPlatforms) = postSolution
		{8CE71B27-C218-49CF-94C8-2D5A1DE48436}.Debug|Any CPU.ActiveCfg = Debug|x86
		{8CE71B27-C218-49CF-94C8-2D5A1DE48436}.Debug|Any CPU.Build.0 = Debug|x86
		{8CE71B27-C218-49CF-94C8-2D5A1DE48436}.Debug|Mixed Platforms.ActiveCfg = Debug|x86
		{8CE71B27-C218-49CF-94C8-2D5A1DE48436}.Debug|Mixed Platforms.Build.0 = Debug|x86
		{8CE71B27-C218-49CF-94C8-2D5A1DE48436}.Debug|x64.ActiveCfg = Debug|x86
		{8CE71B27-C218-49CF-94C8-2D5A1DE48436}.Debug|x64.Build.0 = Debug|x86
		{8CE71B27-C218-49CF-94C8-2D5A1DE48436}.Debug|x86.ActiveCfg = Debug|x86
		{8CE71B27-C218-49CF-94C8-2D5A1DE48436}.Debug|x86.Build.0 = Debug|x86
		{8CE71B27-C218-49CF-94C8-2D5A1DE48436}.h|Any CPU.ActiveCfg = Release|x86
		{8CE71B27-C218-49CF-94C8-2D5A1DE48436}.h|Mixed Platforms.ActiveCfg = Release|x86
		{8CE71B27-C218-49CF-94C8-2D5A1DE48436}.h|Mixed Platforms.Build.0 = Release|x86
		{8CE71B27-C218-49CF-94C8-2D5A1DE48436}.h|x64.ActiveCfg = Release|x86
		{8CE71B27-C218-49CF-94C8-2D5A1DE48436}.h|x86.ActiveCfg = Release|x86
		{8CE71B27-C218-49CF-94C8-2D5A1DE48436}.h|x86.Build.0 = Release|x86
		{8CE71B27-C218-49CF-94C8-2D5A1DE48436}.Release|Any CPU.ActiveCfg = Release|x86
		{8CE71B27-C218-49CF-94C8-2D5A1DE48436}.Release|Mixed Platforms.ActiveCfg = Release|x86
		{8CE71B27-C218-49CF-94C8-2D5A1DE48436}.Release|Mixed Platforms.Build.0 = Release|x86
		{8CE71B27-C218-49CF-94C8-2D5A1DE48436}.Release|x64.ActiveCfg = Release|x86
		{8CE71B27-C218-49CF-94C8-2D5A1DE48436}.Release|x86.ActiveCfg = Release|x86
		{8CE71B27-C218-49CF-94C8-2D5A1DE48436}.Release|x86.Build.0 = Release|x86
		{0B8FD38D-56FC-452B-906B-64C88672DD4F}.Debug|Any CPU.ActiveCfg = Debug|x86
		{0B8FD38D-56FC-452B-906B-64C88672DD4F}.Debug|Any CPU.Build.0 = Debug|x86
		{0B8FD38D-56FC-452B-906B-64C88672DD4F}.Debug|Mixed Platforms.ActiveCfg = Debug|x86
		{0B8FD38D-56FC-452B-906B-64C88672DD4F}.Debug|Mixed Platforms.Build.0 = Debug|x86
		{0B8FD38D-56FC-452B-906B-64C88672DD4F}.Debug|x64.ActiveCfg = Debug|x86
		{0B8FD38D-56FC-452B-906B-64C88672DD4F}.Debug|x64.Build.0 = Debug|x86
		{0B8FD38D-56FC-452B-906B-64C88672DD4F}.Debug|x86.ActiveCfg = Debug|x86
		{0B8FD38D-56FC-452B-906B-64C88672DD4F}.Debug|x86.Build.0 = Debug|x86
		{0B8FD38D-56FC-452B-906B-64C88672DD4F}.h|Any CPU.ActiveCfg = Release|x86
		{0B8FD38D-56FC-452B-906B-64C88672DD4F}.h|Mixed Platforms.ActiveCfg = Release|x86
		{0B8FD38D-56FC-452B-906B-64C88672DD4F}.h|Mixed Platforms.Build.0 = Release|x86
		{0B8FD38D-56FC-452B-906B-64C88672DD4F}.h|x64.ActiveCfg = Release|x86
		{0B8FD38D-56FC-452B-906B-64C88672DD4F}.h|x86.ActiveCfg = Release|x86
		{0B8FD38D-56FC-452B-906B-64C88672DD4F}.h|x86.Build.0 = Release|x86
		{0B8FD38D-56FC-452B-906B-64C88672DD4F}.Release|Any CPU.ActiveCfg = Release|x86
		{0B8FD38D-56FC-452B-906B-64C88672DD4F}.Release|Mixed Platforms.ActiveCfg = Release|x86
		{0B8FD38D-56FC-452B-906B-64C88672DD4F}.Release|Mixed Platforms.Build.0 = Release|x86
		{0B8FD38D-56FC-452B-906B-64C88672DD4F}.Release|x64.ActiveCfg = Release|x86
		{0B8FD38D-56FC-452B-906B-64C88672DD4F}.Release|x86.ActiveCfg = Release|x86
		{0B8FD38D-56FC-452B-906B-64C88672DD4F}.Release|x86.Build.0 = Release|x86
		{55DDE170-F7E0-46FB-B735-1364A81A831A}.Debug|Any CPU.ActiveCfg = Debug|Any CPU
		{55DDE170-F7E0-46FB-B735-1364A81A831A}.Debug|Any CPU.Build.0 = Debug|Any CPU
		{55DDE170-F7E0-46FB-B735-1364A81A831A}.Debug|Mixed Platforms.ActiveCfg = Debug|Any CPU
		{55DDE170-F7E0-46FB-B735-1364A81A831A}.Debug|Mixed Platforms.Build.0 = Debug|Any CPU
		{55DDE170-F7E0-46FB-B735-1364A81A831A}.Debug|x64.ActiveCfg = Debug|Any CPU
		{55DDE170-F7E0-46FB-B735-1364A81A831A}.Debug|x64.Build.0 = Debug|Any CPU
		{55DDE170-F7E0-46FB-B735-1364A81A831A}.Debug|x86.ActiveCfg = Debug|Any CPU
		{55DDE170-F7E0-46FB-B735-1364A81A831A}.Debug|x86.Build.0 = Debug|Any CPU
		{55DDE170-F7E0-46FB-B735-1364A81A831A}.h|Any CPU.ActiveCfg = Release|Any CPU
		{55DDE170-F7E0-46FB-B735-1364A81A831A}.h|Any CPU.Build.0 = Release|Any CPU
		{55DDE170-F7E0-46FB-B735-1364A81A831A}.h|Mixed Platforms.ActiveCfg = Release|Any CPU
		{55DDE170-F7E0-46FB-B735-1364A81A831A}.h|Mixed Platforms.Build.0 = Release|Any CPU
		{55DDE170-F7E0-46FB-B735-1364A81A831A}.h|x64.ActiveCfg = Release|Any CPU
		{55DDE170-F7E0-46FB-B735-1364A81A831A}.h|x86.ActiveCfg = Release|Any CPU
		{55DDE170-F7E0-46FB-B735-1364A81A831A}.Release|Any CPU.ActiveCfg = Release|Any CPU
		{55DDE170-F7E0-46FB-B735-1364A81A831A}.Release|Any CPU.Build.0 = Release|Any CPU
		{55DDE170-F7E0-46FB-B735-1364A81A831A}.Release|Mixed Platforms.ActiveCfg = Release|Any CPU
		{55DDE170-F7E0-46FB-B735-1364A81A831A}.Release|Mixed Platforms.Build.0 = Release|Any CPU
		{55DDE170-F7E0-46FB-B735-1364A81A831A}.Release|x64.ActiveCfg = Release|Any CPU
		{55DDE170-F7E0-46FB-B735-1364A81A831A}.Release|x86.ActiveCfg = Release|Any CPU
		{CB636376-A373-4570-B4D6-54438CC5F589}.Debug|Any CPU.ActiveCfg = Debug|Any CPU
		{CB636376-A373-4570-B4D6-54438CC5F589}.Debug|Any CPU.Build.0 = Debug|Any CPU
		{CB636376-A373-4570-B4D6-54438CC5F589}.Debug|Mixed Platforms.ActiveCfg = Debug|Any CPU
		{CB636376-A373-4570-B4D6-54438CC5F589}.Debug|Mixed Platforms.Build.0 = Debug|Any CPU
		{CB636376-A373-4570-B4D6-54438CC5F589}.Debug|x64.ActiveCfg = Debug|Any CPU
		{CB636376-A373-4570-B4D6-54438CC5F589}.Debug|x64.Build.0 = Debug|Any CPU
		{CB636376-A373-4570-B4D6-54438CC5F589}.Debug|x86.ActiveCfg = Debug|Any CPU
		{CB636376-A373-4570-B4D6-54438CC5F589}.Debug|x86.Build.0 = Debug|Any CPU
		{CB636376-A373-4570-B4D6-54438CC5F589}.h|Any CPU.ActiveCfg = Release|Any CPU
		{CB636376-A373-4570-B4D6-54438CC5F589}.h|Any CPU.Build.0 = Release|Any CPU
		{CB636376-A373-4570-B4D6-54438CC5F589}.h|Mixed Platforms.ActiveCfg = Release|Any CPU
		{CB636376-A373-4570-B4D6-54438CC5F589}.h|Mixed Platforms.Build.0 = Release|Any CPU
		{CB636376-A373-4570-B4D6-54438CC5F589}.h|x64.ActiveCfg = Release|Any CPU
		{CB636376-A373-4570-B4D6-54438CC5F589}.h|x86.ActiveCfg = Release|Any CPU
		{CB636376-A373-4570-B4D6-54438CC5F589}.Release|Any CPU.ActiveCfg = Release|Any CPU
		{CB636376-A373-4570-B4D6-54438CC5F589}.Release|Any CPU.Build.0 = Release|Any CPU
		{CB636376-A373-4570-B4D6-54438CC5F589}.Release|Mixed Platforms.ActiveCfg = Release|Any CPU
		{CB636376-A373-4570-B4D6-54438CC5F589}.Release|Mixed Platforms.Build.0 = Release|Any CPU
		{CB636376-A373-4570-B4D6-54438CC5F589}.Release|x64.ActiveCfg = Release|Any CPU
		{CB636376-A373-4570-B4D6-54438CC5F589}.Release|x86.ActiveCfg = Release|Any CPU
		{69EC91F1-F0FD-43A0-A8F3-7FD251D1FBDC}.Debug|Any CPU.ActiveCfg = Debug|Any CPU
		{69EC91F1-F0FD-43A0-A8F3-7FD251D1FBDC}.Debug|Any CPU.Build.0 = Debug|Any CPU
		{69EC91F1-F0FD-43A0-A8F3-7FD251D1FBDC}.Debug|Mixed Platforms.ActiveCfg = Debug|Any CPU
		{69EC91F1-F0FD-43A0-A8F3-7FD251D1FBDC}.Debug|Mixed Platforms.Build.0 = Debug|Any CPU
		{69EC91F1-F0FD-43A0-A8F3-7FD251D1FBDC}.Debug|x64.ActiveCfg = Debug|Any CPU
		{69EC91F1-F0FD-43A0-A8F3-7FD251D1FBDC}.Debug|x64.Build.0 = Debug|Any CPU
		{69EC91F1-F0FD-43A0-A8F3-7FD251D1FBDC}.Debug|x86.ActiveCfg = Debug|Any CPU
		{69EC91F1-F0FD-43A0-A8F3-7FD251D1FBDC}.Debug|x86.Build.0 = Debug|Any CPU
		{69EC91F1-F0FD-43A0-A8F3-7FD251D1FBDC}.h|Any CPU.ActiveCfg = Release|Any CPU
		{69EC91F1-F0FD-43A0-A8F3-7FD251D1FBDC}.h|Any CPU.Build.0 = Release|Any CPU
		{69EC91F1-F0FD-43A0-A8F3-7FD251D1FBDC}.h|Mixed Platforms.ActiveCfg = Release|Any CPU
		{69EC91F1-F0FD-43A0-A8F3-7FD251D1FBDC}.h|Mixed Platforms.Build.0 = Release|Any CPU
		{69EC91F1-F0FD-43A0-A8F3-7FD251D1FBDC}.h|x64.ActiveCfg = Release|Any CPU
		{69EC91F1-F0FD-43A0-A8F3-7FD251D1FBDC}.h|x86.ActiveCfg = Release|Any CPU
		{69EC91F1-F0FD-43A0-A8F3-7FD251D1FBDC}.Release|Any CPU.ActiveCfg = Release|Any CPU
		{69EC91F1-F0FD-43A0-A8F3-7FD251D1FBDC}.Release|Any CPU.Build.0 = Release|Any CPU
		{69EC91F1-F0FD-43A0-A8F3-7FD251D1FBDC}.Release|Mixed Platforms.ActiveCfg = Release|Any CPU
		{69EC91F1-F0FD-43A0-A8F3-7FD251D1FBDC}.Release|Mixed Platforms.Build.0 = Release|Any CPU
		{69EC91F1-F0FD-43A0-A8F3-7FD251D1FBDC}.Release|x64.ActiveCfg = Release|Any CPU
		{69EC91F1-F0FD-43A0-A8F3-7FD251D1FBDC}.Release|x86.ActiveCfg = Release|Any CPU
		{B052A60B-D72F-4703-A4E7-DC11234C72FE}.Debug|Any CPU.ActiveCfg = Debug|Any CPU
		{B052A60B-D72F-4703-A4E7-DC11234C72FE}.Debug|Any CPU.Build.0 = Debug|Any CPU
		{B052A60B-D72F-4703-A4E7-DC11234C72FE}.Debug|Mixed Platforms.ActiveCfg = Debug|Any CPU
		{B052A60B-D72F-4703-A4E7-DC11234C72FE}.Debug|Mixed Platforms.Build.0 = Debug|Any CPU
		{B052A60B-D72F-4703-A4E7-DC11234C72FE}.Debug|x64.ActiveCfg = Debug|Any CPU
		{B052A60B-D72F-4703-A4E7-DC11234C72FE}.Debug|x64.Build.0 = Debug|Any CPU
		{B052A60B-D72F-4703-A4E7-DC11234C72FE}.Debug|x86.ActiveCfg = Debug|Any CPU
		{B052A60B-D72F-4703-A4E7-DC11234C72FE}.Debug|x86.Build.0 = Debug|Any CPU
		{B052A60B-D72F-4703-A4E7-DC11234C72FE}.h|Any CPU.ActiveCfg = Release|Any CPU
		{B052A60B-D72F-4703-A4E7-DC11234C72FE}.h|Any CPU.Build.0 = Release|Any CPU
		{B052A60B-D72F-4703-A4E7-DC11234C72FE}.h|Mixed Platforms.ActiveCfg = Release|Any CPU
		{B052A60B-D72F-4703-A4E7-DC11234C72FE}.h|Mixed Platforms.Build.0 = Release|Any CPU
		{B052A60B-D72F-4703-A4E7-DC11234C72FE}.h|x64.ActiveCfg = Release|Any CPU
		{B052A60B-D72F-4703-A4E7-DC11234C72FE}.h|x86.ActiveCfg = Release|Any CPU
		{B052A60B-D72F-4703-A4E7-DC11234C72FE}.Release|Any CPU.ActiveCfg = Release|Any CPU
		{B052A60B-D72F-4703-A4E7-DC11234C72FE}.Release|Any CPU.Build.0 = Release|Any CPU
		{B052A60B-D72F-4703-A4E7-DC11234C72FE}.Release|Mixed Platforms.ActiveCfg = Release|Any CPU
		{B052A60B-D72F-4703-A4E7-DC11234C72FE}.Release|Mixed Platforms.Build.0 = Release|Any CPU
		{B052A60B-D72F-4703-A4E7-DC11234C72FE}.Release|x64.ActiveCfg = Release|Any CPU
		{B052A60B-D72F-4703-A4E7-DC11234C72FE}.Release|x86.ActiveCfg = Release|Any CPU
		{32052151-E9FB-436F-9B5E-C689B91DE87C}.Debug|Any CPU.ActiveCfg = Debug|Any CPU
		{32052151-E9FB-436F-9B5E-C689B91DE87C}.Debug|Any CPU.Build.0 = Debug|Any CPU
		{32052151-E9FB-436F-9B5E-C689B91DE87C}.Debug|Mixed Platforms.ActiveCfg = Debug|Any CPU
		{32052151-E9FB-436F-9B5E-C689B91DE87C}.Debug|Mixed Platforms.Build.0 = Debug|Any CPU
		{32052151-E9FB-436F-9B5E-C689B91DE87C}.Debug|x64.ActiveCfg = Debug|Any CPU
		{32052151-E9FB-436F-9B5E-C689B91DE87C}.Debug|x64.Build.0 = Debug|Any CPU
		{32052151-E9FB-436F-9B5E-C689B91DE87C}.Debug|x86.ActiveCfg = Debug|Any CPU
		{32052151-E9FB-436F-9B5E-C689B91DE87C}.Debug|x86.Build.0 = Debug|Any CPU
		{32052151-E9FB-436F-9B5E-C689B91DE87C}.h|Any CPU.ActiveCfg = Release|Any CPU
		{32052151-E9FB-436F-9B5E-C689B91DE87C}.h|Any CPU.Build.0 = Release|Any CPU
		{32052151-E9FB-436F-9B5E-C689B91DE87C}.h|Mixed Platforms.ActiveCfg = Release|Any CPU
		{32052151-E9FB-436F-9B5E-C689B91DE87C}.h|Mixed Platforms.Build.0 = Release|Any CPU
		{32052151-E9FB-436F-9B5E-C689B91DE87C}.h|x64.ActiveCfg = Release|Any CPU
		{32052151-E9FB-436F-9B5E-C689B91DE87C}.h|x64.Build.0 = Release|Any CPU
		{32052151-E9FB-436F-9B5E-C689B91DE87C}.h|x86.ActiveCfg = Release|Any CPU
		{32052151-E9FB-436F-9B5E-C689B91DE87C}.h|x86.Build.0 = Release|Any CPU
		{32052151-E9FB-436F-9B5E-C689B91DE87C}.Release|Any CPU.ActiveCfg = Release|Any CPU
		{32052151-E9FB-436F-9B5E-C689B91DE87C}.Release|Any CPU.Build.0 = Release|Any CPU
		{32052151-E9FB-436F-9B5E-C689B91DE87C}.Release|Mixed Platforms.ActiveCfg = Release|Any CPU
		{32052151-E9FB-436F-9B5E-C689B91DE87C}.Release|Mixed Platforms.Build.0 = Release|Any CPU
		{32052151-E9FB-436F-9B5E-C689B91DE87C}.Release|x64.ActiveCfg = Release|Any CPU
		{32052151-E9FB-436F-9B5E-C689B91DE87C}.Release|x64.Build.0 = Release|Any CPU
		{32052151-E9FB-436F-9B5E-C689B91DE87C}.Release|x86.ActiveCfg = Release|Any CPU
		{32052151-E9FB-436F-9B5E-C689B91DE87C}.Release|x86.Build.0 = Release|Any CPU
		{3B780250-6F5B-4BCA-9DD0-B4C75B38B174}.Debug|Any CPU.ActiveCfg = Debug
		{3B780250-6F5B-4BCA-9DD0-B4C75B38B174}.Debug|Mixed Platforms.ActiveCfg = Debug
		{3B780250-6F5B-4BCA-9DD0-B4C75B38B174}.Debug|x64.ActiveCfg = Debug
		{3B780250-6F5B-4BCA-9DD0-B4C75B38B174}.Debug|x86.ActiveCfg = Debug
		{3B780250-6F5B-4BCA-9DD0-B4C75B38B174}.h|Any CPU.ActiveCfg = Release
		{3B780250-6F5B-4BCA-9DD0-B4C75B38B174}.h|Mixed Platforms.ActiveCfg = Release
		{3B780250-6F5B-4BCA-9DD0-B4C75B38B174}.h|x64.ActiveCfg = Release
		{3B780250-6F5B-4BCA-9DD0-B4C75B38B174}.h|x86.ActiveCfg = Release
		{3B780250-6F5B-4BCA-9DD0-B4C75B38B174}.Release|Any CPU.ActiveCfg = Release
		{3B780250-6F5B-4BCA-9DD0-B4C75B38B174}.Release|Mixed Platforms.ActiveCfg = Release
		{3B780250-6F5B-4BCA-9DD0-B4C75B38B174}.Release|x64.ActiveCfg = Release
		{3B780250-6F5B-4BCA-9DD0-B4C75B38B174}.Release|x86.ActiveCfg = Release
	EndGlobalSection
	GlobalSection(SolutionProperties) = preSolution
		HideSolutionNode = FALSE
	EndGlobalSection
EndGlobal
